# THIS IS AN AUTOGENERATED FILE. DO NOT EDIT THIS FILE DIRECTLY.
# yarn lockfile v1


"@vericus/slate-kit-plugins-utils@^0.0.3":
  version "0.0.3"
  resolved "@vericus-slate-kit-plugins-utils-0.0.3.tgz#7ae9f8a72b30e31b648950b77beb51f52e5c142b"
  dependencies:
    debug "^3.1.0"
    immutable "^3.8.2"
    is-in-browser "^1.1.3"

debug@^3.1.0:
  version "3.1.0"
  resolved debug-3.1.0.tgz#5bb5a0672628b64149566ba16819e61518c67261
  dependencies:
    ms "2.0.0"

direction@^0.1.5:
  version "0.1.5"
  resolved direction-0.1.5.tgz#ce5d797f97e26f8be7beff53f7dc40e1c1a9ec4c

esrever@^0.2.0:
  version "0.2.0"
  resolved esrever-0.2.0.tgz#96e9d28f4f1b1a76784cd5d490eaae010e7407b8

flow-bin@^0.70.0:
  version "0.70.0"
  resolved flow-bin-0.70.0.tgz#080ae83a997f2b4ddb3dc2649bf13336825292b5

immutable@^3.8.2:
  version "3.8.2"
  resolved immutable-3.8.2.tgz#c2439951455bb39913daf281376f1530e104adf3

is-empty@^1.0.0:
  version "1.2.0"
  resolved is-empty-1.2.0.tgz#de9bb5b278738a05a0b09a57e1fb4d4a341a9f6b

is-hotkey@^0.1.1:
  version "0.1.2"
  resolved is-hotkey-0.1.2.tgz#aeda5e4f542284700ae18b46980fb0637c021198

is-in-browser@^1.1.3:
  version "1.1.3"
  resolved is-in-browser-1.1.3.tgz#56ff4db683a078c6082eb95dad7dc62e1d04f835

is-plain-object@^2.0.4:
  version "2.0.4"
  resolved is-plain-object-2.0.4.tgz#2c163b3fafb1b606d9d17928f05c2a1c38e07677
  dependencies:
    isobject "^3.0.1"

isobject@^3.0.1:
  version "3.0.1"
  resolved isobject-3.0.1.tgz#4e431e92b11a9731636aa1f9c8d1ccbcfdab78df

lodash@^4.17.4:
  version "4.17.10"
  resolved lodash-4.17.10.tgz#1b7793cf7259ea38fb3661d4d38b3260af8ae4e7

ms@2.0.0:
  version "2.0.0"
  resolved ms-2.0.0.tgz#5608aeadfc00be6c2901df5f9861788de0d597c8

slate-dev-environment@^0.1.1:
  version "0.1.1"
  resolved slate-dev-environment-0.1.1.tgz#aaabb590d494ff28db3b27ad77b5b3ad08827271
  dependencies:
    is-in-browser "^1.1.3"

slate-dev-logger@^0.1.39:
  version "0.1.39"
  resolved slate-dev-logger-0.1.39.tgz#744a69b85034244713e6de51483af5713c345af4

slate-hotkeys@^0.1.1:
  version "0.1.1"
  resolved slate-hotkeys-0.1.1.tgz#e1a362473c21f55176ff0e00cc4a3a34ff84ec9b
  dependencies:
    is-hotkey "^0.1.1"
    slate-dev-environment "^0.1.1"

slate-schema-violations@^0.1.9:
  version "0.1.9"
  resolved slate-schema-violations-0.1.9.tgz#01c68cfabedc1b6d7f4c1bb8fe7cbe1711230596

slate@^0.33.0:
  version "0.33.5"
  resolved slate-0.33.5.tgz#2c9cb1016def0e93d50dec9f80cdaf4228c38461
  dependencies:
    debug "^3.1.0"
    direction "^0.1.5"
    esrever "^0.2.0"
    is-empty "^1.0.0"
    is-plain-object "^2.0.4"
    lodash "^4.17.4"
    slate-dev-logger "^0.1.39"
    slate-schema-violations "^0.1.9"
    type-of "^2.0.1"

type-of@^2.0.1:
  version "2.0.1"
  resolved type-of-2.0.1.tgz#e72a1741896568e9f628378d816d6912f7f23972
