# THIS IS AN AUTOGENERATED FILE. DO NOT EDIT THIS FILE DIRECTLY.
# yarn lockfile v1


is-empty@^1.0.0:
  version "1.2.0"
  resolved "https://registry.yarnpkg.com/is-empty/-/is-empty-1.2.0.tgz#de9bb5b278738a05a0b09a57e1fb4d4a341a9f6b"

is-plain-object@^2.0.4:
  version "2.0.4"
  resolved "https://registry.yarnpkg.com/is-plain-object/-/is-plain-object-2.0.4.tgz#2c163b3fafb1b606d9d17928f05c2a1c38e07677"
  dependencies:
    isobject "^3.0.1"

isobject@^3.0.1:
  version "3.0.1"
  resolved "https://registry.yarnpkg.com/isobject/-/isobject-3.0.1.tgz#4e431e92b11a9731636aa1f9c8d1ccbcfdab78df"

slate-dev-logger@^0.1.39:
  version "0.1.39"
  resolved "https://registry.yarnpkg.com/slate-dev-logger/-/slate-dev-logger-0.1.39.tgz#744a69b85034244713e6de51483af5713c345af4"

slate-hyperscript@^0.5.10:
  version "0.5.10"
  resolved "https://registry.yarnpkg.com/slate-hyperscript/-/slate-hyperscript-0.5.10.tgz#1b06086a9b51d4c9bb47258f6a8c7610a2f53d31"
  dependencies:
    is-empty "^1.0.0"
    is-plain-object "^2.0.4"
    slate-dev-logger "^0.1.39"
