# THIS IS AN AUTOGENERATED FILE. DO NOT EDIT THIS FILE DIRECTLY.
# yarn lockfile v1


debug@^3.1.0:
  version "3.1.0"
  resolved "https://registry.yarnpkg.com/debug/-/debug-3.1.0.tgz#5bb5a0672628b64149566ba16819e61518c67261"
  dependencies:
    ms "2.0.0"

direction@^0.1.5:
  version "0.1.5"
  resolved "https://registry.yarnpkg.com/direction/-/direction-0.1.5.tgz#ce5d797f97e26f8be7beff53f7dc40e1c1a9ec4c"

esrever@^0.2.0:
  version "0.2.0"
  resolved "https://registry.yarnpkg.com/esrever/-/esrever-0.2.0.tgz#96e9d28f4f1b1a76784cd5d490eaae010e7407b8"

flow-bin@^0.70.0:
  version "0.70.0"
  resolved "https://registry.yarnpkg.com/flow-bin/-/flow-bin-0.70.0.tgz#080ae83a997f2b4ddb3dc2649bf13336825292b5"

immutable@^3.8.2:
  version "3.8.2"
  resolved "https://registry.yarnpkg.com/immutable/-/immutable-3.8.2.tgz#c2439951455bb39913daf281376f1530e104adf3"

is-empty@^1.0.0:
  version "1.2.0"
  resolved "https://registry.yarnpkg.com/is-empty/-/is-empty-1.2.0.tgz#de9bb5b278738a05a0b09a57e1fb4d4a341a9f6b"

is-plain-object@^2.0.4:
  version "2.0.4"
  resolved "https://registry.yarnpkg.com/is-plain-object/-/is-plain-object-2.0.4.tgz#2c163b3fafb1b606d9d17928f05c2a1c38e07677"
  dependencies:
    isobject "^3.0.1"

isobject@^3.0.1:
  version "3.0.1"
  resolved "https://registry.yarnpkg.com/isobject/-/isobject-3.0.1.tgz#4e431e92b11a9731636aa1f9c8d1ccbcfdab78df"

lodash@^4.17.4:
  version "4.17.10"
  resolved "https://registry.yarnpkg.com/lodash/-/lodash-4.17.10.tgz#1b7793cf7259ea38fb3661d4d38b3260af8ae4e7"

ms@2.0.0:
  version "2.0.0"
  resolved "https://registry.yarnpkg.com/ms/-/ms-2.0.0.tgz#5608aeadfc00be6c2901df5f9861788de0d597c8"

slate-dev-logger@^0.1.39:
  version "0.1.39"
  resolved "https://registry.yarnpkg.com/slate-dev-logger/-/slate-dev-logger-0.1.39.tgz#744a69b85034244713e6de51483af5713c345af4"

slate-schema-violations@^0.1.10:
  version "0.1.10"
  resolved "https://registry.yarnpkg.com/slate-schema-violations/-/slate-schema-violations-0.1.10.tgz#165227c230ea6c1027e523b7171a73e860e73646"

slate@^0.33.0:
  version "0.33.6"
  resolved "https://registry.yarnpkg.com/slate/-/slate-0.33.6.tgz#0c7cb193cc5adeecec5c81e2ec0c86ab23dd6755"
  dependencies:
    debug "^3.1.0"
    direction "^0.1.5"
    esrever "^0.2.0"
    is-empty "^1.0.0"
    is-plain-object "^2.0.4"
    lodash "^4.17.4"
    slate-dev-logger "^0.1.39"
    slate-schema-violations "^0.1.10"
    type-of "^2.0.1"

type-of@^2.0.1:
  version "2.0.1"
  resolved "https://registry.yarnpkg.com/type-of/-/type-of-2.0.1.tgz#e72a1741896568e9f628378d816d6912f7f23972"
